
Microsoft Visual Studio Solution File, Format Version 12.00
# Visual Studio Version 17
VisualStudioVersion = 17.13.35825.156 d17.13
MinimumVisualStudioVersion = 10.0.40219.1
Project("{FAE04EC0-301F-11D3-BF4B-00C04F79EFBC}") = "DotNet_AI_Template_Test", "DotNet_AI_Template_Test\DotNet_AI_Template_Test.csproj", "{33197C15-2A46-1550-410D-9CD33AC0A85F}"
EndProject
Global
	GlobalSection(SolutionConfigurationPlatforms) = preSolution
		Debug|Any CPU = Debug|Any CPU
		Release|Any CPU = Release|Any CPU
	EndGlobalSection
	GlobalSection(ProjectConfigurationPlatforms) = postSolution
		{33197C15-2A46-1550-410D-9CD33AC0A85F}.Debug|Any CPU.ActiveCfg = Debug|Any CPU
		{33197C15-2A46-1550-410D-9CD33AC0A85F}.Debug|Any CPU.Build.0 = Debug|Any CPU
		{33197C15-2A46-1550-410D-9CD33AC0A85F}.Release|Any CPU.ActiveCfg = Release|Any CPU
		{33197C15-2A46-1550-410D-9CD33AC0A85F}.Release|Any CPU.Build.0 = Release|Any CPU
	EndGlobalSection
	GlobalSection(SolutionProperties) = preSolution
		HideSolutionNode = FALSE
	EndGlobalSection
	GlobalSection(ExtensibilityGlobals) = postSolution
		SolutionGuid = {77E27812-D97C-46AA-A08B-3F22D8945F9D}
	EndGlobalSection
EndGlobal
